
Microsoft Visual Studio Solution File, Format Version 12.00
# Visual Studio Version 17
VisualStudioVersion = 17.7.34024.191
MinimumVisualStudioVersion = 10.0.40219.1
Project("{FAE04EC0-301F-11D3-BF4B-00C04F79EFBC}") = "Matrix.Multiplication.AccessData", "Matrix.Multiplication.AccessData\Matrix.Multiplication.AccessData.csproj", "{BC0BAB99-5D85-44F9-BDA0-FD3EAE902B3D}"
EndProject
Project("{FAE04EC0-301F-11D3-BF4B-00C04F79EFBC}") = "Matrix.Multiplication.DTOObjects", "Matrix.Multiplication.DTOObjects\Matrix.Multiplication.DTOObjects.csproj", "{C4780939-EF2A-4802-9F82-4D3B22B638A4}"
EndProject
Global
	GlobalSection(SolutionConfigurationPlatforms) = preSolution
		Debug|Any CPU = Debug|Any CPU
		Release|Any CPU = Release|Any CPU
	EndGlobalSection
	GlobalSection(ProjectConfigurationPlatforms) = postSolution
		{BC0BAB99-5D85-44F9-BDA0-FD3EAE902B3D}.Debug|Any CPU.ActiveCfg = Debug|Any CPU
		{BC0BAB99-5D85-44F9-BDA0-FD3EAE902B3D}.Debug|Any CPU.Build.0 = Debug|Any CPU
		{BC0BAB99-5D85-44F9-BDA0-FD3EAE902B3D}.Release|Any CPU.ActiveCfg = Release|Any CPU
		{BC0BAB99-5D85-44F9-BDA0-FD3EAE902B3D}.Release|Any CPU.Build.0 = Release|Any CPU
		{C4780939-EF2A-4802-9F82-4D3B22B638A4}.Debug|Any CPU.ActiveCfg = Debug|Any CPU
		{C4780939-EF2A-4802-9F82-4D3B22B638A4}.Debug|Any CPU.Build.0 = Debug|Any CPU
		{C4780939-EF2A-4802-9F82-4D3B22B638A4}.Release|Any CPU.ActiveCfg = Release|Any CPU
		{C4780939-EF2A-4802-9F82-4D3B22B638A4}.Release|Any CPU.Build.0 = Release|Any CPU
	EndGlobalSection
	GlobalSection(SolutionProperties) = preSolution
		HideSolutionNode = FALSE
	EndGlobalSection
	GlobalSection(ExtensibilityGlobals) = postSolution
		SolutionGuid = {C96221AD-DDB3-4BC7-BF10-3310081CA12B}
	EndGlobalSection
EndGlobal
